version: 1.0
shards:
  clim:
    github: at-grandpa/clim
    version: 0.10.0

  colors:
    github: dscottboggs/colors-and-gradients
    commit: 87c91f6357a1155b5590c6d9b7d097746420dc79

  dotenv:
    github: gdotdesign/cr-dotenv
    version: 0.7.0

  habitat:
    github: luckyframework/habitat
    commit: 9d77c65a2bc9db08c9ad416a002260ae11ead47a

  halite:
    github: icyleaf/halite
    version: 0.10.5

  spoved:
    github: spoved/spoved.cr
    commit: ba7c1d6351f599a7d48dfead8dc1a9b07210c5e2

  vcr:
    github: spoved/vcr.cr
    version: 0.2.3

