version: 2.0
shards:
  clim:
    git: https://github.com/at-grandpa/clim.git
    version: 0.15.0

  colors:
    git: https://github.com/dscottboggs/colors-and-gradients.git
    version: 0.1.0+git.commit.87c91f6357a1155b5590c6d9b7d097746420dc79

  dotenv:
    git: https://github.com/gdotdesign/cr-dotenv.git
    version: 0.7.0

  habitat:
    git: https://github.com/luckyframework/habitat.git
    version: 0.4.4

  halite:
    git: https://github.com/icyleaf/halite.git
    version: 0.10.8

  spoved:
    git: https://github.com/spoved/spoved.cr.git
    version: 0.4.1

  vcr:
    git: https://github.com/spoved/vcr.cr.git
    version: 0.3.0

